{
  "name": "iris",
  "version": "1.0.0",
  "lockfileVersion": 1,
  "requires": true,
  "dependencies": {
    "browserify-shader": {
      "version": "0.1.2",
      "resolved": "https://registry.npmjs.org/browserify-shader/-/browserify-shader-0.1.2.tgz",
      "integrity": "sha1-HZwVRDfm35Ft9FdWPMXaMclBoMc=",
      "requires": {
        "through": "2.3.8"
      }
    },
    "through": {
      "version": "2.3.8",
      "resolved": "https://registry.npmjs.org/through/-/through-2.3.8.tgz",
      "integrity": "sha1-DdTJ/6q8NXlgsbckEV1+Doai4fU="
    }
  }
}
